
Microsoft Visual Studio Solution File, Format Version 12.00
# Visual Studio Version 17
Project("{8BC9CEB8-8B4A-11D0-8D11-00A0C91BC942}") = "ALL_BUILD", "ALL_BUILD.vcxproj", "{0445DB57-6546-33C9-88DC-F2F759821AD5}"
	ProjectSection(ProjectDependencies) = postProject
		{B9A725C1-639A-35B1-81DF-C94AECE0A7CF} = {B9A725C1-639A-35B1-81DF-C94AECE0A7CF}
		{D970E5FB-A4A6-39FC-AC91-DCAAA9761899} = {D970E5FB-A4A6-39FC-AC91-DCAAA9761899}
		{C9D7BFDE-D857-3552-BDFF-68E56013E8BD} = {C9D7BFDE-D857-3552-BDFF-68E56013E8BD}
		{5CD91BE1-31A0-3348-A6E2-01DA5AFD5259} = {5CD91BE1-31A0-3348-A6E2-01DA5AFD5259}
	EndProjectSection
EndProject
Project("{8BC9CEB8-8B4A-11D0-8D11-00A0C91BC942}") = "FORTE_LITE", "src\FORTE_LITE.vcxproj", "{B9A725C1-639A-35B1-81DF-C94AECE0A7CF}"
	ProjectSection(ProjectDependencies) = postProject
		{D970E5FB-A4A6-39FC-AC91-DCAAA9761899} = {D970E5FB-A4A6-39FC-AC91-DCAAA9761899}
		{3BAD5B9C-1643-3CDC-B59A-A912C7A4BAFB} = {3BAD5B9C-1643-3CDC-B59A-A912C7A4BAFB}
		{5CD91BE1-31A0-3348-A6E2-01DA5AFD5259} = {5CD91BE1-31A0-3348-A6E2-01DA5AFD5259}
		{2B729E19-76F0-303D-91D7-7B8A96C7449C} = {2B729E19-76F0-303D-91D7-7B8A96C7449C}
	EndProjectSection
EndProject
Project("{8BC9CEB8-8B4A-11D0-8D11-00A0C91BC942}") = "INSTALL", "INSTALL.vcxproj", "{C8CD53E5-437E-3CA9-A20C-EDC9F6C1A916}"
	ProjectSection(ProjectDependencies) = postProject
		{0445DB57-6546-33C9-88DC-F2F759821AD5} = {0445DB57-6546-33C9-88DC-F2F759821AD5}
		{D970E5FB-A4A6-39FC-AC91-DCAAA9761899} = {D970E5FB-A4A6-39FC-AC91-DCAAA9761899}
	EndProjectSection
EndProject
Project("{8BC9CEB8-8B4A-11D0-8D11-00A0C91BC942}") = "ZERO_CHECK", "ZERO_CHECK.vcxproj", "{D970E5FB-A4A6-39FC-AC91-DCAAA9761899}"
	ProjectSection(ProjectDependencies) = postProject
	EndProjectSection
EndProject
Project("{8BC9CEB8-8B4A-11D0-8D11-00A0C91BC942}") = "forte", "src\forte.vcxproj", "{C9D7BFDE-D857-3552-BDFF-68E56013E8BD}"
	ProjectSection(ProjectDependencies) = postProject
		{B9A725C1-639A-35B1-81DF-C94AECE0A7CF} = {B9A725C1-639A-35B1-81DF-C94AECE0A7CF}
		{D970E5FB-A4A6-39FC-AC91-DCAAA9761899} = {D970E5FB-A4A6-39FC-AC91-DCAAA9761899}
		{5CD91BE1-31A0-3348-A6E2-01DA5AFD5259} = {5CD91BE1-31A0-3348-A6E2-01DA5AFD5259}
	EndProjectSection
EndProject
Project("{8BC9CEB8-8B4A-11D0-8D11-00A0C91BC942}") = "forte_generate_modules_cmake_files", "src\forte_generate_modules_cmake_files.vcxproj", "{B524625E-F493-3F9B-8D77-7C2AA02CF3F7}"
	ProjectSection(ProjectDependencies) = postProject
		{D970E5FB-A4A6-39FC-AC91-DCAAA9761899} = {D970E5FB-A4A6-39FC-AC91-DCAAA9761899}
	EndProjectSection
EndProject
Project("{8BC9CEB8-8B4A-11D0-8D11-00A0C91BC942}") = "forte_init_generator", "src\forte_init_generator.vcxproj", "{3BAD5B9C-1643-3CDC-B59A-A912C7A4BAFB}"
	ProjectSection(ProjectDependencies) = postProject
		{D970E5FB-A4A6-39FC-AC91-DCAAA9761899} = {D970E5FB-A4A6-39FC-AC91-DCAAA9761899}
		{B524625E-F493-3F9B-8D77-7C2AA02CF3F7} = {B524625E-F493-3F9B-8D77-7C2AA02CF3F7}
	EndProjectSection
EndProject
Project("{8BC9CEB8-8B4A-11D0-8D11-00A0C91BC942}") = "forte_stringlist_externals", "forte_stringlist_externals.vcxproj", "{5CD91BE1-31A0-3348-A6E2-01DA5AFD5259}"
	ProjectSection(ProjectDependencies) = postProject
		{D970E5FB-A4A6-39FC-AC91-DCAAA9761899} = {D970E5FB-A4A6-39FC-AC91-DCAAA9761899}
	EndProjectSection
EndProject
Project("{8BC9CEB8-8B4A-11D0-8D11-00A0C91BC942}") = "forte_stringlist_generator", "src\forte_stringlist_generator.vcxproj", "{2B729E19-76F0-303D-91D7-7B8A96C7449C}"
	ProjectSection(ProjectDependencies) = postProject
		{D970E5FB-A4A6-39FC-AC91-DCAAA9761899} = {D970E5FB-A4A6-39FC-AC91-DCAAA9761899}
		{B524625E-F493-3F9B-8D77-7C2AA02CF3F7} = {B524625E-F493-3F9B-8D77-7C2AA02CF3F7}
	EndProjectSection
EndProject
Global
	GlobalSection(SolutionConfigurationPlatforms) = preSolution
		Debug|Win32 = Debug|Win32
		Release|Win32 = Release|Win32
		MinSizeRel|Win32 = MinSizeRel|Win32
		RelWithDebInfo|Win32 = RelWithDebInfo|Win32
	EndGlobalSection
	GlobalSection(ProjectConfigurationPlatforms) = postSolution
		{0445DB57-6546-33C9-88DC-F2F759821AD5}.Debug|Win32.ActiveCfg = Debug|Win32
		{0445DB57-6546-33C9-88DC-F2F759821AD5}.Debug|Win32.Build.0 = Debug|Win32
		{0445DB57-6546-33C9-88DC-F2F759821AD5}.Release|Win32.ActiveCfg = Release|Win32
		{0445DB57-6546-33C9-88DC-F2F759821AD5}.Release|Win32.Build.0 = Release|Win32
		{0445DB57-6546-33C9-88DC-F2F759821AD5}.MinSizeRel|Win32.ActiveCfg = MinSizeRel|Win32
		{0445DB57-6546-33C9-88DC-F2F759821AD5}.MinSizeRel|Win32.Build.0 = MinSizeRel|Win32
		{0445DB57-6546-33C9-88DC-F2F759821AD5}.RelWithDebInfo|Win32.ActiveCfg = RelWithDebInfo|Win32
		{0445DB57-6546-33C9-88DC-F2F759821AD5}.RelWithDebInfo|Win32.Build.0 = RelWithDebInfo|Win32
		{B9A725C1-639A-35B1-81DF-C94AECE0A7CF}.Debug|Win32.ActiveCfg = Debug|Win32
		{B9A725C1-639A-35B1-81DF-C94AECE0A7CF}.Debug|Win32.Build.0 = Debug|Win32
		{B9A725C1-639A-35B1-81DF-C94AECE0A7CF}.Release|Win32.ActiveCfg = Release|Win32
		{B9A725C1-639A-35B1-81DF-C94AECE0A7CF}.Release|Win32.Build.0 = Release|Win32
		{B9A725C1-639A-35B1-81DF-C94AECE0A7CF}.MinSizeRel|Win32.ActiveCfg = MinSizeRel|Win32
		{B9A725C1-639A-35B1-81DF-C94AECE0A7CF}.MinSizeRel|Win32.Build.0 = MinSizeRel|Win32
		{B9A725C1-639A-35B1-81DF-C94AECE0A7CF}.RelWithDebInfo|Win32.ActiveCfg = RelWithDebInfo|Win32
		{B9A725C1-639A-35B1-81DF-C94AECE0A7CF}.RelWithDebInfo|Win32.Build.0 = RelWithDebInfo|Win32
		{C8CD53E5-437E-3CA9-A20C-EDC9F6C1A916}.Debug|Win32.ActiveCfg = Debug|Win32
		{C8CD53E5-437E-3CA9-A20C-EDC9F6C1A916}.Release|Win32.ActiveCfg = Release|Win32
		{C8CD53E5-437E-3CA9-A20C-EDC9F6C1A916}.MinSizeRel|Win32.ActiveCfg = MinSizeRel|Win32
		{C8CD53E5-437E-3CA9-A20C-EDC9F6C1A916}.RelWithDebInfo|Win32.ActiveCfg = RelWithDebInfo|Win32
		{D970E5FB-A4A6-39FC-AC91-DCAAA9761899}.Debug|Win32.ActiveCfg = Debug|Win32
		{D970E5FB-A4A6-39FC-AC91-DCAAA9761899}.Debug|Win32.Build.0 = Debug|Win32
		{D970E5FB-A4A6-39FC-AC91-DCAAA9761899}.Release|Win32.ActiveCfg = Release|Win32
		{D970E5FB-A4A6-39FC-AC91-DCAAA9761899}.Release|Win32.Build.0 = Release|Win32
		{D970E5FB-A4A6-39FC-AC91-DCAAA9761899}.MinSizeRel|Win32.ActiveCfg = MinSizeRel|Win32
		{D970E5FB-A4A6-39FC-AC91-DCAAA9761899}.MinSizeRel|Win32.Build.0 = MinSizeRel|Win32
		{D970E5FB-A4A6-39FC-AC91-DCAAA9761899}.RelWithDebInfo|Win32.ActiveCfg = RelWithDebInfo|Win32
		{D970E5FB-A4A6-39FC-AC91-DCAAA9761899}.RelWithDebInfo|Win32.Build.0 = RelWithDebInfo|Win32
		{C9D7BFDE-D857-3552-BDFF-68E56013E8BD}.Debug|Win32.ActiveCfg = Debug|Win32
		{C9D7BFDE-D857-3552-BDFF-68E56013E8BD}.Debug|Win32.Build.0 = Debug|Win32
		{C9D7BFDE-D857-3552-BDFF-68E56013E8BD}.Release|Win32.ActiveCfg = Release|Win32
		{C9D7BFDE-D857-3552-BDFF-68E56013E8BD}.Release|Win32.Build.0 = Release|Win32
		{C9D7BFDE-D857-3552-BDFF-68E56013E8BD}.MinSizeRel|Win32.ActiveCfg = MinSizeRel|Win32
		{C9D7BFDE-D857-3552-BDFF-68E56013E8BD}.MinSizeRel|Win32.Build.0 = MinSizeRel|Win32
		{C9D7BFDE-D857-3552-BDFF-68E56013E8BD}.RelWithDebInfo|Win32.ActiveCfg = RelWithDebInfo|Win32
		{C9D7BFDE-D857-3552-BDFF-68E56013E8BD}.RelWithDebInfo|Win32.Build.0 = RelWithDebInfo|Win32
		{B524625E-F493-3F9B-8D77-7C2AA02CF3F7}.Debug|Win32.ActiveCfg = Debug|Win32
		{B524625E-F493-3F9B-8D77-7C2AA02CF3F7}.Debug|Win32.Build.0 = Debug|Win32
		{B524625E-F493-3F9B-8D77-7C2AA02CF3F7}.Release|Win32.ActiveCfg = Release|Win32
		{B524625E-F493-3F9B-8D77-7C2AA02CF3F7}.Release|Win32.Build.0 = Release|Win32
		{B524625E-F493-3F9B-8D77-7C2AA02CF3F7}.MinSizeRel|Win32.ActiveCfg = MinSizeRel|Win32
		{B524625E-F493-3F9B-8D77-7C2AA02CF3F7}.MinSizeRel|Win32.Build.0 = MinSizeRel|Win32
		{B524625E-F493-3F9B-8D77-7C2AA02CF3F7}.RelWithDebInfo|Win32.ActiveCfg = RelWithDebInfo|Win32
		{B524625E-F493-3F9B-8D77-7C2AA02CF3F7}.RelWithDebInfo|Win32.Build.0 = RelWithDebInfo|Win32
		{3BAD5B9C-1643-3CDC-B59A-A912C7A4BAFB}.Debug|Win32.ActiveCfg = Debug|Win32
		{3BAD5B9C-1643-3CDC-B59A-A912C7A4BAFB}.Debug|Win32.Build.0 = Debug|Win32
		{3BAD5B9C-1643-3CDC-B59A-A912C7A4BAFB}.Release|Win32.ActiveCfg = Release|Win32
		{3BAD5B9C-1643-3CDC-B59A-A912C7A4BAFB}.Release|Win32.Build.0 = Release|Win32
		{3BAD5B9C-1643-3CDC-B59A-A912C7A4BAFB}.MinSizeRel|Win32.ActiveCfg = MinSizeRel|Win32
		{3BAD5B9C-1643-3CDC-B59A-A912C7A4BAFB}.MinSizeRel|Win32.Build.0 = MinSizeRel|Win32
		{3BAD5B9C-1643-3CDC-B59A-A912C7A4BAFB}.RelWithDebInfo|Win32.ActiveCfg = RelWithDebInfo|Win32
		{3BAD5B9C-1643-3CDC-B59A-A912C7A4BAFB}.RelWithDebInfo|Win32.Build.0 = RelWithDebInfo|Win32
		{5CD91BE1-31A0-3348-A6E2-01DA5AFD5259}.Debug|Win32.ActiveCfg = Debug|Win32
		{5CD91BE1-31A0-3348-A6E2-01DA5AFD5259}.Debug|Win32.Build.0 = Debug|Win32
		{5CD91BE1-31A0-3348-A6E2-01DA5AFD5259}.Release|Win32.ActiveCfg = Release|Win32
		{5CD91BE1-31A0-3348-A6E2-01DA5AFD5259}.Release|Win32.Build.0 = Release|Win32
		{5CD91BE1-31A0-3348-A6E2-01DA5AFD5259}.MinSizeRel|Win32.ActiveCfg = MinSizeRel|Win32
		{5CD91BE1-31A0-3348-A6E2-01DA5AFD5259}.MinSizeRel|Win32.Build.0 = MinSizeRel|Win32
		{5CD91BE1-31A0-3348-A6E2-01DA5AFD5259}.RelWithDebInfo|Win32.ActiveCfg = RelWithDebInfo|Win32
		{5CD91BE1-31A0-3348-A6E2-01DA5AFD5259}.RelWithDebInfo|Win32.Build.0 = RelWithDebInfo|Win32
		{2B729E19-76F0-303D-91D7-7B8A96C7449C}.Debug|Win32.ActiveCfg = Debug|Win32
		{2B729E19-76F0-303D-91D7-7B8A96C7449C}.Debug|Win32.Build.0 = Debug|Win32
		{2B729E19-76F0-303D-91D7-7B8A96C7449C}.Release|Win32.ActiveCfg = Release|Win32
		{2B729E19-76F0-303D-91D7-7B8A96C7449C}.Release|Win32.Build.0 = Release|Win32
		{2B729E19-76F0-303D-91D7-7B8A96C7449C}.MinSizeRel|Win32.ActiveCfg = MinSizeRel|Win32
		{2B729E19-76F0-303D-91D7-7B8A96C7449C}.MinSizeRel|Win32.Build.0 = MinSizeRel|Win32
		{2B729E19-76F0-303D-91D7-7B8A96C7449C}.RelWithDebInfo|Win32.ActiveCfg = RelWithDebInfo|Win32
		{2B729E19-76F0-303D-91D7-7B8A96C7449C}.RelWithDebInfo|Win32.Build.0 = RelWithDebInfo|Win32
	EndGlobalSection
	GlobalSection(ExtensibilityGlobals) = postSolution
		SolutionGuid = {C04A02DF-E610-3C03-B0E6-267C05AF4A0F}
	EndGlobalSection
	GlobalSection(ExtensibilityAddIns) = postSolution
	EndGlobalSection
EndGlobal
